<?xml version="1.0" encoding="UTF-8"?>
<Scheme
   LastUpgradeVersion = "1600"
   version = "1.7">
   <BuildAction
      parallelizeBuildables = "YES"
      buildImplicitDependencies = "YES">
      <BuildActionEntries>
         <BuildActionEntry
            buildForTesting = "YES"
            buildForRunning = "YES"
            buildForProfiling = "YES"
            buildForArchiving = "YES"
            buildForAnalyzing = "YES">
            <BuildableReference
               BuildableIdentifier = "primary"
               BlueprintIdentifier = "C0FFEE0000000000000000A4"
               BuildableName = "KontourUI.app"
               BlueprintName = "KontourUI"
               ReferencedContainer = "container:KontourUI.xcodeproj">
            </BuildableReference>
         </BuildActionEntry>
      </BuildActionEntries>
   </BuildAction>
   <TestAction
      buildConfiguration = "Debug"
      selectedDebuggerIdentifier = "Xcode.DebuggerFoundation.Debugger.LLDB"
      selectedLauncherIdentifier = "Xcode.DebuggerFoundation.Launcher.LLDB"
      shouldUseLaunchSchemeArgsEnv = "YES">
      <Testables>
      </Testables>
   </TestAction>
   <!-- Release, not Debug, and this is deliberate rather than left at Xcode's
        default. `embedAndSignAppleFrameworkForXcode` reads CONFIGURATION to pick
        which Kotlin framework to build, so a Debug run links a Kotlin/Native
        binary compiled without optimisation — the whole Compose runtime, this
        library's layout and every animation in it. `docs/building/testing.md`
        has said "release, not debug" about the Android host since the frame
        readout was written; the first version of this scheme did not apply the
        same rule here, and the gallery was reported as "not at all smooth".
        The cost is a slow first build, because Kotlin/Native optimises the whole
        graph. Switch this to Debug in Product > Scheme > Edit Scheme when you
        actually need breakpoints. -->
   <LaunchAction
      buildConfiguration = "Release"
      selectedDebuggerIdentifier = "Xcode.DebuggerFoundation.Debugger.LLDB"
      selectedLauncherIdentifier = "Xcode.DebuggerFoundation.Launcher.LLDB"
      launchStyle = "0"
      useCustomWorkingDirectory = "NO"
      ignoresPersistentStateOnLaunch = "NO"
      debugDocumentVersioning = "YES"
      debugServiceExtension = "internal"
      allowLocationSimulation = "YES">
      <BuildableProductRunnable
         runnableDebuggingMode = "0">
         <BuildableReference
            BuildableIdentifier = "primary"
            BlueprintIdentifier = "C0FFEE0000000000000000A4"
            BuildableName = "KontourUI.app"
            BlueprintName = "KontourUI"
            ReferencedContainer = "container:KontourUI.xcodeproj">
         </BuildableReference>
      </BuildableProductRunnable>
   </LaunchAction>
   <ProfileAction
      buildConfiguration = "Release"
      shouldUseLaunchSchemeArgsEnv = "YES"
      savedToolIdentifier = ""
      useCustomWorkingDirectory = "NO"
      debugDocumentVersioning = "YES">
      <BuildableProductRunnable
         runnableDebuggingMode = "0">
         <BuildableReference
            BuildableIdentifier = "primary"
            BlueprintIdentifier = "C0FFEE0000000000000000A4"
            BuildableName = "KontourUI.app"
            BlueprintName = "KontourUI"
            ReferencedContainer = "container:KontourUI.xcodeproj">
         </BuildableReference>
      </BuildableProductRunnable>
   </ProfileAction>
   <AnalyzeAction
      buildConfiguration = "Debug">
   </AnalyzeAction>
   <ArchiveAction
      buildConfiguration = "Release"
      revealArchiveInOrganizer = "YES">
   </ArchiveAction>
</Scheme>
