// !$*UTF8*$!
{
	archiveVersion = 1;
	classes = {
	};
	objectVersion = 56;
	objects = {

/* Begin PBXBuildFile section */
		C0FFEE0000000000000000A7 /* App.swift in Sources */ = {isa = PBXBuildFile; fileRef = C0FFEE0000000000000000A6 /* App.swift */; };
/* End PBXBuildFile section */

/* Begin PBXFileReference section */
		C0FFEE0000000000000000A5 /* KontourUI.app */ = {isa = PBXFileReference; explicitFileType = wrapper.application; includeInIndex = 0; path = KontourUI.app; sourceTree = BUILT_PRODUCTS_DIR; };
		C0FFEE0000000000000000A6 /* App.swift */ = {isa = PBXFileReference; lastKnownFileType = sourcecode.swift; path = App.swift; sourceTree = "<group>"; };
		C0FFEE0000000000000000A8 /* Info.plist */ = {isa = PBXFileReference; lastKnownFileType = text.plist.xml; path = Info.plist; sourceTree = "<group>"; };
/* End PBXFileReference section */

/* Begin PBXFrameworksBuildPhase section */
		C0FFEE0000000000000000AA /* Frameworks */ = {
			isa = PBXFrameworksBuildPhase;
			buildActionMask = 2147483647;
			files = (
			);
			runOnlyForDeploymentPostprocessing = 0;
		};
/* End PBXFrameworksBuildPhase section */

/* Begin PBXGroup section */
		C0FFEE0000000000000000A1 = {
			isa = PBXGroup;
			children = (
				C0FFEE0000000000000000A2 /* KontourUI */,
				C0FFEE0000000000000000A3 /* Products */,
			);
			sourceTree = "<group>";
		};
		C0FFEE0000000000000000A2 /* KontourUI */ = {
			isa = PBXGroup;
			children = (
				C0FFEE0000000000000000A6 /* App.swift */,
				C0FFEE0000000000000000A8 /* Info.plist */,
			);
			path = KontourUI;
			sourceTree = "<group>";
		};
		C0FFEE0000000000000000A3 /* Products */ = {
			isa = PBXGroup;
			children = (
				C0FFEE0000000000000000A5 /* KontourUI.app */,
			);
			name = Products;
			sourceTree = "<group>";
		};
/* End PBXGroup section */

/* Begin PBXNativeTarget section */
		C0FFEE0000000000000000A4 /* KontourUI */ = {
			isa = PBXNativeTarget;
			buildConfigurationList = C0FFEE0000000000000000AE /* Build configuration list for PBXNativeTarget "KontourUI" */;
			buildPhases = (
				C0FFEE0000000000000000AC /* Build the Catalog framework with Gradle */,
				C0FFEE0000000000000000A9 /* Sources */,
				C0FFEE0000000000000000AA /* Frameworks */,
				C0FFEE0000000000000000AB /* Resources */,
			);
			buildRules = (
			);
			dependencies = (
			);
			name = KontourUI;
			productName = KontourUI;
			productReference = C0FFEE0000000000000000A5 /* KontourUI.app */;
			productType = "com.apple.product-type.application";
		};
/* End PBXNativeTarget section */

/* Begin PBXProject section */
		C0FFEE0000000000000000A0 /* Project object */ = {
			isa = PBXProject;
			attributes = {
				BuildIndependentTargetsInParallel = 1;
				LastSwiftUpdateCheck = 1600;
				LastUpgradeCheck = 1600;
				TargetAttributes = {
					C0FFEE0000000000000000A4 = {
						CreatedOnToolsVersion = 16.0;
					};
				};
			};
			buildConfigurationList = C0FFEE0000000000000000AD /* Build configuration list for PBXProject "KontourUI" */;
			compatibilityVersion = "Xcode 14.0";
			developmentRegion = en;
			hasScannedForEncodings = 0;
			knownRegions = (
				en,
				Base,
			);
			mainGroup = C0FFEE0000000000000000A1;
			productRefGroup = C0FFEE0000000000000000A3 /* Products */;
			projectDirPath = "";
			projectRoot = "";
			targets = (
				C0FFEE0000000000000000A4 /* KontourUI */,
			);
		};
/* End PBXProject section */

/* Begin PBXResourcesBuildPhase section */
		C0FFEE0000000000000000AB /* Resources */ = {
			isa = PBXResourcesBuildPhase;
			buildActionMask = 2147483647;
			files = (
			);
			runOnlyForDeploymentPostprocessing = 0;
		};
/* End PBXResourcesBuildPhase section */

/* Begin PBXShellScriptBuildPhase section */
		C0FFEE0000000000000000AC /* Build the Catalog framework with Gradle */ = {
			isa = PBXShellScriptBuildPhase;
			alwaysOutOfDate = 1;
			buildActionMask = 2147483647;
			files = (
			);
			inputFileListPaths = (
			);
			inputPaths = (
			);
			name = "Build the Catalog framework with Gradle";
			outputFileListPaths = (
			);
			outputPaths = (
			);
			runOnlyForDeploymentPostprocessing = 0;
			shellPath = /bin/sh;
			shellScript = "# Builds `:ui-catalog`'s Catalog.framework for whichever SDK, configuration\n# and architecture Xcode is building, then copies it where the linker and the\n# app bundle expect it. Every one of those is read from Xcode's environment by\n# the Gradle task, which is why this phase takes no arguments.\n#\n# `alwaysOutOfDate` because Gradle decides what is up to date here, not Xcode:\n# this phase has no declared outputs it could compare, and a phase with none is\n# skipped rather than run. Gradle's own up-to-date check is the fast path.\n#\n# `ENABLE_USER_SCRIPT_SANDBOXING` is NO in the build settings for this: Gradle\n# writes under the repository as well as under the build directory, and the\n# sandbox denies that with an error that names a file rather than the cause.\ncd \"$SRCROOT/../..\"\n./gradlew --no-daemon :ui-catalog:embedAndSignAppleFrameworkForXcode\n";
		};
/* End PBXShellScriptBuildPhase section */

/* Begin PBXSourcesBuildPhase section */
		C0FFEE0000000000000000A9 /* Sources */ = {
			isa = PBXSourcesBuildPhase;
			buildActionMask = 2147483647;
			files = (
				C0FFEE0000000000000000A7 /* App.swift in Sources */,
			);
			runOnlyForDeploymentPostprocessing = 0;
		};
/* End PBXSourcesBuildPhase section */

/* Begin XCBuildConfiguration section */
		C0FFEE0000000000000000AF /* Debug */ = {
			isa = XCBuildConfiguration;
			buildSettings = {
				ALWAYS_SEARCH_USER_PATHS = NO;
				CLANG_ENABLE_MODULES = YES;
				CLANG_ENABLE_OBJC_ARC = YES;
				COPY_PHASE_STRIP = NO;
				DEBUG_INFORMATION_FORMAT = dwarf;
				ENABLE_STRICT_OBJC_MSGSEND = YES;
				ENABLE_TESTABILITY = YES;
				ENABLE_USER_SCRIPT_SANDBOXING = NO;
				GCC_NO_COMMON_BLOCKS = YES;
				GCC_OPTIMIZATION_LEVEL = 0;
				GCC_PREPROCESSOR_DEFINITIONS = (
					"DEBUG=1",
					"$(inherited)",
				);
				IPHONEOS_DEPLOYMENT_TARGET = 16.0;
				MTL_ENABLE_DEBUG_INFO = INCLUDE_SOURCE;
				MTL_FAST_MATH = YES;
				ONLY_ACTIVE_ARCH = YES;
				SDKROOT = iphoneos;
				SWIFT_ACTIVE_COMPILATION_CONDITIONS = "DEBUG $(inherited)";
				SWIFT_OPTIMIZATION_LEVEL = "-Onone";
				SWIFT_VERSION = 5.0;
			};
			name = Debug;
		};
		C0FFEE0000000000000000B0 /* Release */ = {
			isa = XCBuildConfiguration;
			buildSettings = {
				ALWAYS_SEARCH_USER_PATHS = NO;
				CLANG_ENABLE_MODULES = YES;
				CLANG_ENABLE_OBJC_ARC = YES;
				COPY_PHASE_STRIP = NO;
				DEBUG_INFORMATION_FORMAT = "dwarf-with-dsym";
				ENABLE_NS_ASSERTIONS = NO;
				ENABLE_STRICT_OBJC_MSGSEND = YES;
				ENABLE_USER_SCRIPT_SANDBOXING = NO;
				GCC_NO_COMMON_BLOCKS = YES;
				IPHONEOS_DEPLOYMENT_TARGET = 16.0;
				MTL_ENABLE_DEBUG_INFO = NO;
				MTL_FAST_MATH = YES;
				SDKROOT = iphoneos;
				SWIFT_COMPILATION_MODE = wholemodule;
				VALIDATE_PRODUCT = YES;
			};
			name = Release;
		};
		C0FFEE0000000000000000B1 /* Debug */ = {
			isa = XCBuildConfiguration;
			buildSettings = {
				ASSETCATALOG_COMPILER_APPICON_NAME = "";
				CODE_SIGN_STYLE = Automatic;
				CURRENT_PROJECT_VERSION = 1;
				FRAMEWORK_SEARCH_PATHS = (
					"$(inherited)",
					"$(SRCROOT)/../../ui-catalog/build/xcode-frameworks/$(CONFIGURATION)/$(SDK_NAME)",
				);
				GENERATE_INFOPLIST_FILE = NO;
				INFOPLIST_FILE = KontourUI/Info.plist;
				LD_RUNPATH_SEARCH_PATHS = (
					"$(inherited)",
					"@executable_path/Frameworks",
				);
				MARKETING_VERSION = 1.0;
				OTHER_LDFLAGS = (
					"$(inherited)",
					"-framework",
					Catalog,
				);
				PRODUCT_BUNDLE_IDENTIFIER = io.kontour.ui.catalog;
				PRODUCT_NAME = "$(TARGET_NAME)";
				SWIFT_EMIT_LOC_STRINGS = YES;
				SWIFT_VERSION = 5.0;
				TARGETED_DEVICE_FAMILY = "1,2";
			};
			name = Debug;
		};
		C0FFEE0000000000000000B2 /* Release */ = {
			isa = XCBuildConfiguration;
			buildSettings = {
				ASSETCATALOG_COMPILER_APPICON_NAME = "";
				CODE_SIGN_STYLE = Automatic;
				CURRENT_PROJECT_VERSION = 1;
				FRAMEWORK_SEARCH_PATHS = (
					"$(inherited)",
					"$(SRCROOT)/../../ui-catalog/build/xcode-frameworks/$(CONFIGURATION)/$(SDK_NAME)",
				);
				GENERATE_INFOPLIST_FILE = NO;
				INFOPLIST_FILE = KontourUI/Info.plist;
				LD_RUNPATH_SEARCH_PATHS = (
					"$(inherited)",
					"@executable_path/Frameworks",
				);
				MARKETING_VERSION = 1.0;
				OTHER_LDFLAGS = (
					"$(inherited)",
					"-framework",
					Catalog,
				);
				PRODUCT_BUNDLE_IDENTIFIER = io.kontour.ui.catalog;
				PRODUCT_NAME = "$(TARGET_NAME)";
				SWIFT_EMIT_LOC_STRINGS = YES;
				SWIFT_VERSION = 5.0;
				TARGETED_DEVICE_FAMILY = "1,2";
			};
			name = Release;
		};
/* End XCBuildConfiguration section */

/* Begin XCConfigurationList section */
		C0FFEE0000000000000000AD /* Build configuration list for PBXProject "KontourUI" */ = {
			isa = XCConfigurationList;
			buildConfigurations = (
				C0FFEE0000000000000000AF /* Debug */,
				C0FFEE0000000000000000B0 /* Release */,
			);
			defaultConfigurationIsVisible = 0;
			defaultConfigurationName = Release;
		};
		C0FFEE0000000000000000AE /* Build configuration list for PBXNativeTarget "KontourUI" */ = {
			isa = XCConfigurationList;
			buildConfigurations = (
				C0FFEE0000000000000000B1 /* Debug */,
				C0FFEE0000000000000000B2 /* Release */,
			);
			defaultConfigurationIsVisible = 0;
			defaultConfigurationName = Release;
		};
/* End XCConfigurationList section */
	};
	rootObject = C0FFEE0000000000000000A0 /* Project object */;
}
